
Microsoft Visual Studio Solution File, Format Version 12.00
# Visual Studio Version 17
VisualStudioVersion = 17.6.33829.357
MinimumVisualStudioVersion = 10.0.40219.1
Project("{FAE04EC0-301F-11D3-BF4B-00C04F79EFBC}") = "AtividadeExtra01", "AtividadeExtra01\AtividadeExtra01.csproj", "{56C5F67B-2A73-4A4B-8803-9C015F6D9D5E}"
EndProject
Global
	GlobalSection(SolutionConfigurationPlatforms) = preSolution
		Debug|Any CPU = Debug|Any CPU
		Release|Any CPU = Release|Any CPU
	EndGlobalSection
	GlobalSection(ProjectConfigurationPlatforms) = postSolution
		{56C5F67B-2A73-4A4B-8803-9C015F6D9D5E}.Debug|Any CPU.ActiveCfg = Debug|Any CPU
		{56C5F67B-2A73-4A4B-8803-9C015F6D9D5E}.Debug|Any CPU.Build.0 = Debug|Any CPU
		{56C5F67B-2A73-4A4B-8803-9C015F6D9D5E}.Release|Any CPU.ActiveCfg = Release|Any CPU
		{56C5F67B-2A73-4A4B-8803-9C015F6D9D5E}.Release|Any CPU.Build.0 = Release|Any CPU
	EndGlobalSection
	GlobalSection(SolutionProperties) = preSolution
		HideSolutionNode = FALSE
	EndGlobalSection
	GlobalSection(ExtensibilityGlobals) = postSolution
		SolutionGuid = {68C44AFA-7FB3-40B4-961A-76E8346BDFAA}
	EndGlobalSection
EndGlobal
