
Microsoft Visual Studio Solution File, Format Version 12.00
# Visual Studio Version 17
VisualStudioVersion = 17.6.33829.357
MinimumVisualStudioVersion = 10.0.40219.1
Project("{FAE04EC0-301F-11D3-BF4B-00C04F79EFBC}") = "AtividadeExtra4", "AtividadeExtra4\AtividadeExtra4.csproj", "{3D40B1AD-4643-490C-A66E-DF22C011EF04}"
EndProject
Global
	GlobalSection(SolutionConfigurationPlatforms) = preSolution
		Debug|Any CPU = Debug|Any CPU
		Release|Any CPU = Release|Any CPU
	EndGlobalSection
	GlobalSection(ProjectConfigurationPlatforms) = postSolution
		{3D40B1AD-4643-490C-A66E-DF22C011EF04}.Debug|Any CPU.ActiveCfg = Debug|Any CPU
		{3D40B1AD-4643-490C-A66E-DF22C011EF04}.Debug|Any CPU.Build.0 = Debug|Any CPU
		{3D40B1AD-4643-490C-A66E-DF22C011EF04}.Release|Any CPU.ActiveCfg = Release|Any CPU
		{3D40B1AD-4643-490C-A66E-DF22C011EF04}.Release|Any CPU.Build.0 = Release|Any CPU
	EndGlobalSection
	GlobalSection(SolutionProperties) = preSolution
		HideSolutionNode = FALSE
	EndGlobalSection
	GlobalSection(ExtensibilityGlobals) = postSolution
		SolutionGuid = {516945A1-96BF-47A6-BFB1-EFFA722095F9}
	EndGlobalSection
EndGlobal
