
Microsoft Visual Studio Solution File, Format Version 12.00
# Visual Studio Version 17
VisualStudioVersion = 17.6.33829.357
MinimumVisualStudioVersion = 10.0.40219.1
Project("{FAE04EC0-301F-11D3-BF4B-00C04F79EFBC}") = "Atividade15", "Atividade15\Atividade15.csproj", "{1B7B5281-328C-4A59-B832-C276053F6270}"
EndProject
Global
	GlobalSection(SolutionConfigurationPlatforms) = preSolution
		Debug|Any CPU = Debug|Any CPU
		Release|Any CPU = Release|Any CPU
	EndGlobalSection
	GlobalSection(ProjectConfigurationPlatforms) = postSolution
		{1B7B5281-328C-4A59-B832-C276053F6270}.Debug|Any CPU.ActiveCfg = Debug|Any CPU
		{1B7B5281-328C-4A59-B832-C276053F6270}.Debug|Any CPU.Build.0 = Debug|Any CPU
		{1B7B5281-328C-4A59-B832-C276053F6270}.Release|Any CPU.ActiveCfg = Release|Any CPU
		{1B7B5281-328C-4A59-B832-C276053F6270}.Release|Any CPU.Build.0 = Release|Any CPU
	EndGlobalSection
	GlobalSection(SolutionProperties) = preSolution
		HideSolutionNode = FALSE
	EndGlobalSection
	GlobalSection(ExtensibilityGlobals) = postSolution
		SolutionGuid = {EA7CF7DC-878A-4B6D-A24E-1495BCDDEFC8}
	EndGlobalSection
EndGlobal
