
Microsoft Visual Studio Solution File, Format Version 12.00
# Visual Studio Version 17
VisualStudioVersion = 17.6.33829.357
MinimumVisualStudioVersion = 10.0.40219.1
Project("{FAE04EC0-301F-11D3-BF4B-00C04F79EFBC}") = "Atividade03", "Atividade03\Atividade03.csproj", "{232E2420-A297-47B4-B34D-E79631981C96}"
EndProject
Global
	GlobalSection(SolutionConfigurationPlatforms) = preSolution
		Debug|Any CPU = Debug|Any CPU
		Release|Any CPU = Release|Any CPU
	EndGlobalSection
	GlobalSection(ProjectConfigurationPlatforms) = postSolution
		{232E2420-A297-47B4-B34D-E79631981C96}.Debug|Any CPU.ActiveCfg = Debug|Any CPU
		{232E2420-A297-47B4-B34D-E79631981C96}.Debug|Any CPU.Build.0 = Debug|Any CPU
		{232E2420-A297-47B4-B34D-E79631981C96}.Release|Any CPU.ActiveCfg = Release|Any CPU
		{232E2420-A297-47B4-B34D-E79631981C96}.Release|Any CPU.Build.0 = Release|Any CPU
	EndGlobalSection
	GlobalSection(SolutionProperties) = preSolution
		HideSolutionNode = FALSE
	EndGlobalSection
	GlobalSection(ExtensibilityGlobals) = postSolution
		SolutionGuid = {161E1728-AF8E-4FF1-81F0-71FED377F379}
	EndGlobalSection
EndGlobal
