
Microsoft Visual Studio Solution File, Format Version 12.00
# Visual Studio Version 17
VisualStudioVersion = 17.6.33829.357
MinimumVisualStudioVersion = 10.0.40219.1
Project("{FAE04EC0-301F-11D3-BF4B-00C04F79EFBC}") = "AtividadeExtra02", "AtividadeExtra02\AtividadeExtra02.csproj", "{F6C269B4-A483-4B01-80D7-21776D006A64}"
EndProject
Global
	GlobalSection(SolutionConfigurationPlatforms) = preSolution
		Debug|Any CPU = Debug|Any CPU
		Release|Any CPU = Release|Any CPU
	EndGlobalSection
	GlobalSection(ProjectConfigurationPlatforms) = postSolution
		{F6C269B4-A483-4B01-80D7-21776D006A64}.Debug|Any CPU.ActiveCfg = Debug|Any CPU
		{F6C269B4-A483-4B01-80D7-21776D006A64}.Debug|Any CPU.Build.0 = Debug|Any CPU
		{F6C269B4-A483-4B01-80D7-21776D006A64}.Release|Any CPU.ActiveCfg = Release|Any CPU
		{F6C269B4-A483-4B01-80D7-21776D006A64}.Release|Any CPU.Build.0 = Release|Any CPU
	EndGlobalSection
	GlobalSection(SolutionProperties) = preSolution
		HideSolutionNode = FALSE
	EndGlobalSection
	GlobalSection(ExtensibilityGlobals) = postSolution
		SolutionGuid = {DACEF9F7-A43F-4F66-A779-A09FA3B672C4}
	EndGlobalSection
EndGlobal
